
Microsoft Visual Studio Solution File, Format Version 12.00
# Visual Studio Version 17
VisualStudioVersion = 17.3.32901.215
MinimumVisualStudioVersion = 10.0.40219.1
Project("{FAE04EC0-301F-11D3-BF4B-00C04F79EFBC}") = "FootballApi", "FootballApi\FootballApi.csproj", "{A325FDEA-7FD7-4D9D-831B-95194701C237}"
EndProject
Global
	GlobalSection(SolutionConfigurationPlatforms) = preSolution
		Debug|Any CPU = Debug|Any CPU
		Release|Any CPU = Release|Any CPU
	EndGlobalSection
	GlobalSection(ProjectConfigurationPlatforms) = postSolution
		{A325FDEA-7FD7-4D9D-831B-95194701C237}.Debug|Any CPU.ActiveCfg = Debug|Any CPU
		{A325FDEA-7FD7-4D9D-831B-95194701C237}.Debug|Any CPU.Build.0 = Debug|Any CPU
		{A325FDEA-7FD7-4D9D-831B-95194701C237}.Release|Any CPU.ActiveCfg = Release|Any CPU
		{A325FDEA-7FD7-4D9D-831B-95194701C237}.Release|Any CPU.Build.0 = Release|Any CPU
	EndGlobalSection
	GlobalSection(SolutionProperties) = preSolution
		HideSolutionNode = FALSE
	EndGlobalSection
	GlobalSection(ExtensibilityGlobals) = postSolution
		SolutionGuid = {0CF1CB70-83B9-4FAD-8D2D-2BC3FA4B8208}
	EndGlobalSection
EndGlobal
